
Microsoft Visual Studio Solution File, Format Version 12.00
# Visual Studio Version 16
VisualStudioVersion = 16.0.29215.179
MinimumVisualStudioVersion = 10.0.40219.1
Project("{FAE04EC0-301F-11D3-BF4B-00C04F79EFBC}") = "AI Chase", "AI Chase\AI Chase.csproj", "{BCB50ED3-78D5-4E49-92C4-788B09D3A885}"
EndProject
Global
	GlobalSection(SolutionConfigurationPlatforms) = preSolution
		Debug|Any CPU = Debug|Any CPU
		Release|Any CPU = Release|Any CPU
	EndGlobalSection
	GlobalSection(ProjectConfigurationPlatforms) = postSolution
		{BCB50ED3-78D5-4E49-92C4-788B09D3A885}.Debug|Any CPU.ActiveCfg = Debug|Any CPU
		{BCB50ED3-78D5-4E49-92C4-788B09D3A885}.Debug|Any CPU.Build.0 = Debug|Any CPU
		{BCB50ED3-78D5-4E49-92C4-788B09D3A885}.Release|Any CPU.ActiveCfg = Release|Any CPU
		{BCB50ED3-78D5-4E49-92C4-788B09D3A885}.Release|Any CPU.Build.0 = Release|Any CPU
	EndGlobalSection
	GlobalSection(SolutionProperties) = preSolution
		HideSolutionNode = FALSE
	EndGlobalSection
	GlobalSection(ExtensibilityGlobals) = postSolution
		SolutionGuid = {66D52DC1-B888-4FE0-A54C-AAD8E20C934B}
	EndGlobalSection
EndGlobal
