
Microsoft Visual Studio Solution File, Format Version 12.00
# Visual Studio Version 16
VisualStudioVersion = 16.0.29215.179
MinimumVisualStudioVersion = 10.0.40219.1
Project("{FAE04EC0-301F-11D3-BF4B-00C04F79EFBC}") = "Fish 2D", "Fish 2D\Fish 2D.csproj", "{B5F782C9-A236-42AB-92C6-C6648A398527}"
EndProject
Global
	GlobalSection(SolutionConfigurationPlatforms) = preSolution
		Debug|Any CPU = Debug|Any CPU
		Release|Any CPU = Release|Any CPU
	EndGlobalSection
	GlobalSection(ProjectConfigurationPlatforms) = postSolution
		{B5F782C9-A236-42AB-92C6-C6648A398527}.Debug|Any CPU.ActiveCfg = Debug|Any CPU
		{B5F782C9-A236-42AB-92C6-C6648A398527}.Debug|Any CPU.Build.0 = Debug|Any CPU
		{B5F782C9-A236-42AB-92C6-C6648A398527}.Release|Any CPU.ActiveCfg = Release|Any CPU
		{B5F782C9-A236-42AB-92C6-C6648A398527}.Release|Any CPU.Build.0 = Release|Any CPU
	EndGlobalSection
	GlobalSection(SolutionProperties) = preSolution
		HideSolutionNode = FALSE
	EndGlobalSection
	GlobalSection(ExtensibilityGlobals) = postSolution
		SolutionGuid = {CE29BAF3-8892-42A6-924E-C1CB9C0EBFEA}
	EndGlobalSection
EndGlobal
