
Microsoft Visual Studio Solution File, Format Version 12.00
# Visual Studio Version 16
VisualStudioVersion = 16.0.29215.179
MinimumVisualStudioVersion = 10.0.40219.1
Project("{FAE04EC0-301F-11D3-BF4B-00C04F79EFBC}") = "Test Calculator", "Test Calculator\Test Calculator.csproj", "{7D23CA5E-521E-4A6D-91A3-51059AF06C39}"
EndProject
Global
	GlobalSection(SolutionConfigurationPlatforms) = preSolution
		Debug|Any CPU = Debug|Any CPU
		Release|Any CPU = Release|Any CPU
	EndGlobalSection
	GlobalSection(ProjectConfigurationPlatforms) = postSolution
		{7D23CA5E-521E-4A6D-91A3-51059AF06C39}.Debug|Any CPU.ActiveCfg = Debug|Any CPU
		{7D23CA5E-521E-4A6D-91A3-51059AF06C39}.Debug|Any CPU.Build.0 = Debug|Any CPU
		{7D23CA5E-521E-4A6D-91A3-51059AF06C39}.Release|Any CPU.ActiveCfg = Release|Any CPU
		{7D23CA5E-521E-4A6D-91A3-51059AF06C39}.Release|Any CPU.Build.0 = Release|Any CPU
	EndGlobalSection
	GlobalSection(SolutionProperties) = preSolution
		HideSolutionNode = FALSE
	EndGlobalSection
	GlobalSection(ExtensibilityGlobals) = postSolution
		SolutionGuid = {E65AB135-ADE9-41DB-BF22-0E621E0D5134}
	EndGlobalSection
EndGlobal
