
Microsoft Visual Studio Solution File, Format Version 12.00
# Visual Studio Version 16
VisualStudioVersion = 16.0.29215.179
MinimumVisualStudioVersion = 10.0.40219.1
Project("{FAE04EC0-301F-11D3-BF4B-00C04F79EFBC}") = "Combo Box", "Combo Box\Combo Box.csproj", "{89345F71-EF2F-4552-B23D-DB4DCBA72FF3}"
EndProject
Global
	GlobalSection(SolutionConfigurationPlatforms) = preSolution
		Debug|Any CPU = Debug|Any CPU
		Release|Any CPU = Release|Any CPU
	EndGlobalSection
	GlobalSection(ProjectConfigurationPlatforms) = postSolution
		{89345F71-EF2F-4552-B23D-DB4DCBA72FF3}.Debug|Any CPU.ActiveCfg = Debug|Any CPU
		{89345F71-EF2F-4552-B23D-DB4DCBA72FF3}.Debug|Any CPU.Build.0 = Debug|Any CPU
		{89345F71-EF2F-4552-B23D-DB4DCBA72FF3}.Release|Any CPU.ActiveCfg = Release|Any CPU
		{89345F71-EF2F-4552-B23D-DB4DCBA72FF3}.Release|Any CPU.Build.0 = Release|Any CPU
	EndGlobalSection
	GlobalSection(SolutionProperties) = preSolution
		HideSolutionNode = FALSE
	EndGlobalSection
	GlobalSection(ExtensibilityGlobals) = postSolution
		SolutionGuid = {A40ABDEE-72CF-4717-A9B7-ADC55F8F8E25}
	EndGlobalSection
EndGlobal
