
Microsoft Visual Studio Solution File, Format Version 12.00
# Visual Studio Version 16
VisualStudioVersion = 16.0.29215.179
MinimumVisualStudioVersion = 10.0.40219.1
Project("{FAE04EC0-301F-11D3-BF4B-00C04F79EFBC}") = "Fibonacci", "Fibonacci\Fibonacci.csproj", "{C668868B-0B98-4AE4-951A-16130E69A0CC}"
EndProject
Global
	GlobalSection(SolutionConfigurationPlatforms) = preSolution
		Debug|Any CPU = Debug|Any CPU
		Release|Any CPU = Release|Any CPU
	EndGlobalSection
	GlobalSection(ProjectConfigurationPlatforms) = postSolution
		{C668868B-0B98-4AE4-951A-16130E69A0CC}.Debug|Any CPU.ActiveCfg = Debug|Any CPU
		{C668868B-0B98-4AE4-951A-16130E69A0CC}.Debug|Any CPU.Build.0 = Debug|Any CPU
		{C668868B-0B98-4AE4-951A-16130E69A0CC}.Release|Any CPU.ActiveCfg = Release|Any CPU
		{C668868B-0B98-4AE4-951A-16130E69A0CC}.Release|Any CPU.Build.0 = Release|Any CPU
	EndGlobalSection
	GlobalSection(SolutionProperties) = preSolution
		HideSolutionNode = FALSE
	EndGlobalSection
	GlobalSection(ExtensibilityGlobals) = postSolution
		SolutionGuid = {296E3000-AE4E-447A-94A2-980BCAC6908C}
	EndGlobalSection
EndGlobal
