
Microsoft Visual Studio Solution File, Format Version 12.00
# Visual Studio Version 16
VisualStudioVersion = 16.0.29215.179
MinimumVisualStudioVersion = 10.0.40219.1
Project("{FAE04EC0-301F-11D3-BF4B-00C04F79EFBC}") = "T-Shirt Order", "T-Shirt Order\T-Shirt Order.csproj", "{783AB05B-8FEB-4FE8-8FD3-37BA1D278621}"
EndProject
Global
	GlobalSection(SolutionConfigurationPlatforms) = preSolution
		Debug|Any CPU = Debug|Any CPU
		Release|Any CPU = Release|Any CPU
	EndGlobalSection
	GlobalSection(ProjectConfigurationPlatforms) = postSolution
		{783AB05B-8FEB-4FE8-8FD3-37BA1D278621}.Debug|Any CPU.ActiveCfg = Debug|Any CPU
		{783AB05B-8FEB-4FE8-8FD3-37BA1D278621}.Debug|Any CPU.Build.0 = Debug|Any CPU
		{783AB05B-8FEB-4FE8-8FD3-37BA1D278621}.Release|Any CPU.ActiveCfg = Release|Any CPU
		{783AB05B-8FEB-4FE8-8FD3-37BA1D278621}.Release|Any CPU.Build.0 = Release|Any CPU
	EndGlobalSection
	GlobalSection(SolutionProperties) = preSolution
		HideSolutionNode = FALSE
	EndGlobalSection
	GlobalSection(ExtensibilityGlobals) = postSolution
		SolutionGuid = {25C4537D-A068-467B-904B-66A2A748E52B}
	EndGlobalSection
EndGlobal
