
Microsoft Visual Studio Solution File, Format Version 12.00
# Visual Studio Version 16
VisualStudioVersion = 16.0.29215.179
MinimumVisualStudioVersion = 10.0.40219.1
Project("{FAE04EC0-301F-11D3-BF4B-00C04F79EFBC}") = "Radio Buttons", "Radio Buttons\Radio Buttons.csproj", "{03CDA916-BDF5-44E8-AB2D-65AEE2D2205C}"
EndProject
Global
	GlobalSection(SolutionConfigurationPlatforms) = preSolution
		Debug|Any CPU = Debug|Any CPU
		Release|Any CPU = Release|Any CPU
	EndGlobalSection
	GlobalSection(ProjectConfigurationPlatforms) = postSolution
		{03CDA916-BDF5-44E8-AB2D-65AEE2D2205C}.Debug|Any CPU.ActiveCfg = Debug|Any CPU
		{03CDA916-BDF5-44E8-AB2D-65AEE2D2205C}.Debug|Any CPU.Build.0 = Debug|Any CPU
		{03CDA916-BDF5-44E8-AB2D-65AEE2D2205C}.Release|Any CPU.ActiveCfg = Release|Any CPU
		{03CDA916-BDF5-44E8-AB2D-65AEE2D2205C}.Release|Any CPU.Build.0 = Release|Any CPU
	EndGlobalSection
	GlobalSection(SolutionProperties) = preSolution
		HideSolutionNode = FALSE
	EndGlobalSection
	GlobalSection(ExtensibilityGlobals) = postSolution
		SolutionGuid = {E014937B-D2F8-4DB0-81E0-ABFF8F0F1F58}
	EndGlobalSection
EndGlobal
