
Microsoft Visual Studio Solution File, Format Version 12.00
# Visual Studio Version 16
VisualStudioVersion = 16.0.29215.179
MinimumVisualStudioVersion = 10.0.40219.1
Project("{FAE04EC0-301F-11D3-BF4B-00C04F79EFBC}") = "Slots", "Slots\Slots.csproj", "{1F6AF325-A75B-4E77-880A-A70A9F4BA199}"
EndProject
Global
	GlobalSection(SolutionConfigurationPlatforms) = preSolution
		Debug|Any CPU = Debug|Any CPU
		Release|Any CPU = Release|Any CPU
	EndGlobalSection
	GlobalSection(ProjectConfigurationPlatforms) = postSolution
		{1F6AF325-A75B-4E77-880A-A70A9F4BA199}.Debug|Any CPU.ActiveCfg = Debug|Any CPU
		{1F6AF325-A75B-4E77-880A-A70A9F4BA199}.Debug|Any CPU.Build.0 = Debug|Any CPU
		{1F6AF325-A75B-4E77-880A-A70A9F4BA199}.Release|Any CPU.ActiveCfg = Release|Any CPU
		{1F6AF325-A75B-4E77-880A-A70A9F4BA199}.Release|Any CPU.Build.0 = Release|Any CPU
	EndGlobalSection
	GlobalSection(SolutionProperties) = preSolution
		HideSolutionNode = FALSE
	EndGlobalSection
	GlobalSection(ExtensibilityGlobals) = postSolution
		SolutionGuid = {F8E47862-3D75-4819-A3FF-C1EDC2B99AF9}
	EndGlobalSection
EndGlobal
